Microsoft Visual Studio Solution File, Format Version 11.00
# Visual Studio 2008

Project("{3B31AAE2-7878-18BA-2099-50B2EDB35E01}") = "dewa", "Assembly-CSharp-firstpass.csproj", "{F3977F7B-8DC7-B2C7-7932-0D6BE06FF084}"
EndProject
Project("{3B31AAE2-7878-18BA-2099-50B2EDB35E01}") = "dewa", "Assembly-CSharp.csproj", "{17893602-2797-C48E-EB3E-9CF64139FD1D}"
EndProject
Project("{3B31AAE2-7878-18BA-2099-50B2EDB35E01}") = "dewa", "Assembly-CSharp-Editor.csproj", "{FF74A561-5AC5-5EE3-D936-11B98B8F612C}"
EndProject
Project("{3B31AAE2-7878-18BA-2099-50B2EDB35E01}") = "dewa", "Assembly-UnityScript-firstpass.unityproj", "{FFCF828C-A74E-68C2-6323-2D6CB8CD16A7}"
EndProject
Project("{3B31AAE2-7878-18BA-2099-50B2EDB35E01}") = "dewa", "Assembly-UnityScript.unityproj", "{7B9A2B89-FC47-ECF8-B4A9-67C62E188094}"
EndProject
Global
	GlobalSection(SolutionConfigurationPlatforms) = preSolution
		Debug|Any CPU = Debug|Any CPU
		Release|Any CPU = Release|Any CPU
	EndGlobalSection
	GlobalSection(ProjectConfigurationPlatforms) = postSolution
		{F3977F7B-8DC7-B2C7-7932-0D6BE06FF084}.Debug|Any CPU.ActiveCfg = Debug|Any CPU
		{F3977F7B-8DC7-B2C7-7932-0D6BE06FF084}.Debug|Any CPU.Build.0 = Debug|Any CPU
		{F3977F7B-8DC7-B2C7-7932-0D6BE06FF084}.Release|Any CPU.ActiveCfg = Release|Any CPU
		{F3977F7B-8DC7-B2C7-7932-0D6BE06FF084}.Release|Any CPU.Build.0 = Release|Any CPU
		{17893602-2797-C48E-EB3E-9CF64139FD1D}.Debug|Any CPU.ActiveCfg = Debug|Any CPU
		{17893602-2797-C48E-EB3E-9CF64139FD1D}.Debug|Any CPU.Build.0 = Debug|Any CPU
		{17893602-2797-C48E-EB3E-9CF64139FD1D}.Release|Any CPU.ActiveCfg = Release|Any CPU
		{17893602-2797-C48E-EB3E-9CF64139FD1D}.Release|Any CPU.Build.0 = Release|Any CPU
		{FF74A561-5AC5-5EE3-D936-11B98B8F612C}.Debug|Any CPU.ActiveCfg = Debug|Any CPU
		{FF74A561-5AC5-5EE3-D936-11B98B8F612C}.Debug|Any CPU.Build.0 = Debug|Any CPU
		{FF74A561-5AC5-5EE3-D936-11B98B8F612C}.Release|Any CPU.ActiveCfg = Release|Any CPU
		{FF74A561-5AC5-5EE3-D936-11B98B8F612C}.Release|Any CPU.Build.0 = Release|Any CPU
		{FFCF828C-A74E-68C2-6323-2D6CB8CD16A7}.Debug|Any CPU.ActiveCfg = Debug|Any CPU
		{FFCF828C-A74E-68C2-6323-2D6CB8CD16A7}.Debug|Any CPU.Build.0 = Debug|Any CPU
		{FFCF828C-A74E-68C2-6323-2D6CB8CD16A7}.Release|Any CPU.ActiveCfg = Release|Any CPU
		{FFCF828C-A74E-68C2-6323-2D6CB8CD16A7}.Release|Any CPU.Build.0 = Release|Any CPU
		{7B9A2B89-FC47-ECF8-B4A9-67C62E188094}.Debug|Any CPU.ActiveCfg = Debug|Any CPU
		{7B9A2B89-FC47-ECF8-B4A9-67C62E188094}.Debug|Any CPU.Build.0 = Debug|Any CPU
		{7B9A2B89-FC47-ECF8-B4A9-67C62E188094}.Release|Any CPU.ActiveCfg = Release|Any CPU
		{7B9A2B89-FC47-ECF8-B4A9-67C62E188094}.Release|Any CPU.Build.0 = Release|Any CPU
	EndGlobalSection
	GlobalSection(SolutionProperties) = preSolution
		HideSolutionNode = FALSE
	EndGlobalSection
																																																				GlobalSection(MonoDevelopProperties) = preSolution
		StartupItem = Assembly-CSharp.csproj
		Policies = $0
		$0.TextStylePolicy = $1
		$1.inheritsSet = null
		$1.scope = text/x-csharp
		$0.CSharpFormattingPolicy = $2
		$2.inheritsSet = Mono
		$2.inheritsScope = text/x-csharp
		$2.scope = text/x-csharp
		$0.TextStylePolicy = $3
		$3.FileWidth = 120
		$3.TabWidth = 4
		$3.EolMarker = Unix
		$3.inheritsSet = Mono
		$3.inheritsScope = text/plain
		$3.scope = text/plain
	EndGlobalSection

EndGlobal
